Microsoft Visual Studio Solution File, Format Version 12.00
# Visual Studio Version 17
VisualStudioVersion = 17.5.2.0
MinimumVisualStudioVersion = 10.0.40219.1
Project("{FAE04EC0-301F-11D3-BF4B-00C04F79EFBC}") = "praticando-lacos", "praticando-lacos.csproj", "{19FA2098-1146-EAAC-846E-F24433CDB476}"
EndProject
Global
	GlobalSection(SolutionConfigurationPlatforms) = preSolution
		Debug|Any CPU = Debug|Any CPU
		Release|Any CPU = Release|Any CPU
	EndGlobalSection
	GlobalSection(ProjectConfigurationPlatforms) = postSolution
		{19FA2098-1146-EAAC-846E-F24433CDB476}.Debug|Any CPU.ActiveCfg = Debug|Any CPU
		{19FA2098-1146-EAAC-846E-F24433CDB476}.Debug|Any CPU.Build.0 = Debug|Any CPU
		{19FA2098-1146-EAAC-846E-F24433CDB476}.Release|Any CPU.ActiveCfg = Release|Any CPU
		{19FA2098-1146-EAAC-846E-F24433CDB476}.Release|Any CPU.Build.0 = Release|Any CPU
	EndGlobalSection
	GlobalSection(SolutionProperties) = preSolution
		HideSolutionNode = FALSE
	EndGlobalSection
	GlobalSection(ExtensibilityGlobals) = postSolution
		SolutionGuid = {6936C57E-F89B-467A-89FC-2AB22E862A44}
	EndGlobalSection
EndGlobal
